
Microsoft Visual Studio Solution File, Format Version 12.00
# Visual Studio Express 15 for Windows Desktop
VisualStudioVersion = 15.0.28307.572
MinimumVisualStudioVersion = 10.0.40219.1
Project("{FAE04EC0-301F-11D3-BF4B-00C04F79EFBC}") = "bmpunhide", "bmpunhide\bmpunhide.csproj", "{588D5A4C-9694-4FCA-AB78-DDA20474667F}"
EndProject
Global
	GlobalSection(SolutionConfigurationPlatforms) = preSolution
		Debug|Any CPU = Debug|Any CPU
		Release|Any CPU = Release|Any CPU
	EndGlobalSection
	GlobalSection(ProjectConfigurationPlatforms) = postSolution
		{588D5A4C-9694-4FCA-AB78-DDA20474667F}.Debug|Any CPU.ActiveCfg = Debug|Any CPU
		{588D5A4C-9694-4FCA-AB78-DDA20474667F}.Debug|Any CPU.Build.0 = Debug|Any CPU
		{588D5A4C-9694-4FCA-AB78-DDA20474667F}.Release|Any CPU.ActiveCfg = Release|Any CPU
		{588D5A4C-9694-4FCA-AB78-DDA20474667F}.Release|Any CPU.Build.0 = Release|Any CPU
	EndGlobalSection
	GlobalSection(SolutionProperties) = preSolution
		HideSolutionNode = FALSE
	EndGlobalSection
	GlobalSection(ExtensibilityGlobals) = postSolution
		SolutionGuid = {B17E4722-1126-4BC1-8937-AEA35F7F738C}
	EndGlobalSection
EndGlobal
